// !$*UTF8*$!
{
	archiveVersion = 1;
	classes = {
	};
	objectVersion = 46;
	objects = {

/* Begin PBXBuildFile section */
		A9DEE4FB1DEEA56200179CB9 /* main.m in Sources */ = {isa = PBXBuildFile; fileRef = A9DEE4FA1DEEA56200179CB9 /* main.m */; };
		A9DEE4FE1DEEA56200179CB9 /* AppDelegate.m in Sources */ = {isa = PBXBuildFile; fileRef = A9DEE4FD1DEEA56200179CB9 /* AppDelegate.m */; };
		A9DEE5011DEEA56200179CB9 /* ViewController.m in Sources */ = {isa = PBXBuildFile; fileRef = A9DEE5001DEEA56200179CB9 /* ViewController.m */; };
		A9DEE5041DEEA56200179CB9 /* Main.storyboard in Resources */ = {isa = PBXBuildFile; fileRef = A9DEE5021DEEA56200179CB9 /* Main.storyboard */; };
		A9DEE5061DEEA56200179CB9 /* Assets.xcassets in Resources */ = {isa = PBXBuildFile; fileRef = A9DEE5051DEEA56200179CB9 /* Assets.xcassets */; };
		A9DEE5091DEEA56200179CB9 /* LaunchScreen.storyboard in Resources */ = {isa = PBXBuildFile; fileRef = A9DEE5071DEEA56200179CB9 /* LaunchScreen.storyboard */; };
		A9DEE5111DEEA59900179CB9 /* CoreLocation.framework in Frameworks */ = {isa = PBXBuildFile; fileRef = A9DEE5101DEEA59900179CB9 /* CoreLocation.framework */; };
/* End PBXBuildFile section */

/* Begin PBXFileReference section */
		A9DEE4F61DEEA56200179CB9 /* tableviewbeacon.app */ = {isa = PBXFileReference; explicitFileType = wrapper.application; includeInIndex = 0; path = tableviewbeacon.app; sourceTree = BUILT_PRODUCTS_DIR; };
		A9DEE4FA1DEEA56200179CB9 /* main.m */ = {isa = PBXFileReference; lastKnownFileType = sourcecode.c.objc; path = main.m; sourceTree = "<group>"; };
		A9DEE4FC1DEEA56200179CB9 /* AppDelegate.h */ = {isa = PBXFileReference; lastKnownFileType = sourcecode.c.h; path = AppDelegate.h; sourceTree = "<group>"; };
		A9DEE4FD1DEEA56200179CB9 /* AppDelegate.m */ = {isa = PBXFileReference; lastKnownFileType = sourcecode.c.objc; path = AppDelegate.m; sourceTree = "<group>"; };
		A9DEE4FF1DEEA56200179CB9 /* ViewController.h */ = {isa = PBXFileReference; lastKnownFileType = sourcecode.c.h; path = ViewController.h; sourceTree = "<group>"; };
		A9DEE5001DEEA56200179CB9 /* ViewController.m */ = {isa = PBXFileReference; lastKnownFileType = sourcecode.c.objc; path = ViewController.m; sourceTree = "<group>"; };
		A9DEE5031DEEA56200179CB9 /* Base */ = {isa = PBXFileReference; lastKnownFileType = file.storyboard; name = Base; path = Base.lproj/Main.storyboard; sourceTree = "<group>"; };
		A9DEE5051DEEA56200179CB9 /* Assets.xcassets */ = {isa = PBXFileReference; lastKnownFileType = folder.assetcatalog; path = Assets.xcassets; sourceTree = "<group>"; };
		A9DEE5081DEEA56200179CB9 /* Base */ = {isa = PBXFileReference; lastKnownFileType = file.storyboard; name = Base; path = Base.lproj/LaunchScreen.storyboard; sourceTree = "<group>"; };
		A9DEE50A1DEEA56200179CB9 /* Info.plist */ = {isa = PBXFileReference; lastKnownFileType = text.plist.xml; path = Info.plist; sourceTree = "<group>"; };
		A9DEE5101DEEA59900179CB9 /* CoreLocation.framework */ = {isa = PBXFileReference; lastKnownFileType = wrapper.framework; name = CoreLocation.framework; path = System/Library/Frameworks/CoreLocation.framework; sourceTree = SDKROOT; };
/* End PBXFileReference section */

/* Begin PBXFrameworksBuildPhase section */
		A9DEE4F31DEEA56200179CB9 /* Frameworks */ = {
			isa = PBXFrameworksBuildPhase;
			buildActionMask = 2147483647;
			files = (
				A9DEE5111DEEA59900179CB9 /* CoreLocation.framework in Frameworks */,
			);
			runOnlyForDeploymentPostprocessing = 0;
		};
/* End PBXFrameworksBuildPhase section */

/* Begin PBXGroup section */
		A9DEE4ED1DEEA56200179CB9 = {
			isa = PBXGroup;
			children = (
				A9DEE5101DEEA59900179CB9 /* CoreLocation.framework */,
				A9DEE4F81DEEA56200179CB9 /* tableviewbeacon */,
				A9DEE4F71DEEA56200179CB9 /* Products */,
			);
			sourceTree = "<group>";
		};
		A9DEE4F71DEEA56200179CB9 /* Products */ = {
			isa = PBXGroup;
			children = (
				A9DEE4F61DEEA56200179CB9 /* tableviewbeacon.app */,
			);
			name = Products;
			sourceTree = "<group>";
		};
		A9DEE4F81DEEA56200179CB9 /* tableviewbeacon */ = {
			isa = PBXGroup;
			children = (
				A9DEE4FC1DEEA56200179CB9 /* AppDelegate.h */,
				A9DEE4FD1DEEA56200179CB9 /* AppDelegate.m */,
				A9DEE4FF1DEEA56200179CB9 /* ViewController.h */,
				A9DEE5001DEEA56200179CB9 /* ViewController.m */,
				A9DEE5021DEEA56200179CB9 /* Main.storyboard */,
				A9DEE5051DEEA56200179CB9 /* Assets.xcassets */,
				A9DEE5071DEEA56200179CB9 /* LaunchScreen.storyboard */,
				A9DEE50A1DEEA56200179CB9 /* Info.plist */,
				A9DEE4F91DEEA56200179CB9 /* Supporting Files */,
			);
			path = tableviewbeacon;
			sourceTree = "<group>";
		};
		A9DEE4F91DEEA56200179CB9 /* Supporting Files */ = {
			isa = PBXGroup;
			children = (
				A9DEE4FA1DEEA56200179CB9 /* main.m */,
			);
			name = "Supporting Files";
			sourceTree = "<group>";
		};
/* End PBXGroup section */

/* Begin PBXNativeTarget section */
		A9DEE4F51DEEA56200179CB9 /* tableviewbeacon */ = {
			isa = PBXNativeTarget;
			buildConfigurationList = A9DEE50D1DEEA56200179CB9 /* Build configuration list for PBXNativeTarget "tableviewbeacon" */;
			buildPhases = (
				A9DEE4F21DEEA56200179CB9 /* Sources */,
				A9DEE4F31DEEA56200179CB9 /* Frameworks */,
				A9DEE4F41DEEA56200179CB9 /* Resources */,
			);
			buildRules = (
			);
			dependencies = (
			);
			name = tableviewbeacon;
			productName = tableviewbeacon;
			productReference = A9DEE4F61DEEA56200179CB9 /* tableviewbeacon.app */;
			productType = "com.apple.product-type.application";
		};
/* End PBXNativeTarget section */

/* Begin PBXProject section */
		A9DEE4EE1DEEA56200179CB9 /* Project object */ = {
			isa = PBXProject;
			attributes = {
				LastUpgradeCheck = 0730;
				ORGANIZATIONNAME = SKYTang;
				TargetAttributes = {
					A9DEE4F51DEEA56200179CB9 = {
						CreatedOnToolsVersion = 7.3;
						DevelopmentTeam = 2Z543L5783;
						SystemCapabilities = {
							com.apple.BackgroundModes = {
								enabled = 0;
							};
						};
					};
				};
			};
			buildConfigurationList = A9DEE4F11DEEA56200179CB9 /* Build configuration list for PBXProject "tableviewbeacon" */;
			compatibilityVersion = "Xcode 3.2";
			developmentRegion = English;
			hasScannedForEncodings = 0;
			knownRegions = (
				en,
				Base,
			);
			mainGroup = A9DEE4ED1DEEA56200179CB9;
			productRefGroup = A9DEE4F71DEEA56200179CB9 /* Products */;
			projectDirPath = "";
			projectRoot = "";
			targets = (
				A9DEE4F51DEEA56200179CB9 /* tableviewbeacon */,
			);
		};
/* End PBXProject section */

/* Begin PBXResourcesBuildPhase section */
		A9DEE4F41DEEA56200179CB9 /* Resources */ = {
			isa = PBXResourcesBuildPhase;
			buildActionMask = 2147483647;
			files = (
				A9DEE5091DEEA56200179CB9 /* LaunchScreen.storyboard in Resources */,
				A9DEE5061DEEA56200179CB9 /* Assets.xcassets in Resources */,
				A9DEE5041DEEA56200179CB9 /* Main.storyboard in Resources */,
			);
			runOnlyForDeploymentPostprocessing = 0;
		};
/* End PBXResourcesBuildPhase section */

/* Begin PBXSourcesBuildPhase section */
		A9DEE4F21DEEA56200179CB9 /* Sources */ = {
			isa = PBXSourcesBuildPhase;
			buildActionMask = 2147483647;
			files = (
				A9DEE5011DEEA56200179CB9 /* ViewController.m in Sources */,
				A9DEE4FE1DEEA56200179CB9 /* AppDelegate.m in Sources */,
				A9DEE4FB1DEEA56200179CB9 /* main.m in Sources */,
			);
			runOnlyForDeploymentPostprocessing = 0;
		};
/* End PBXSourcesBuildPhase section */

/* Begin PBXVariantGroup section */
		A9DEE5021DEEA56200179CB9 /* Main.storyboard */ = {
			isa = PBXVariantGroup;
			children = (
				A9DEE5031DEEA56200179CB9 /* Base */,
			);
			name = Main.storyboard;
			sourceTree = "<group>";
		};
		A9DEE5071DEEA56200179CB9 /* LaunchScreen.storyboard */ = {
			isa = PBXVariantGroup;
			children = (
				A9DEE5081DEEA56200179CB9 /* Base */,
			);
			name = LaunchScreen.storyboard;
			sourceTree = "<group>";
		};
/* End PBXVariantGroup section */

/* Begin XCBuildConfiguration section */
		A9DEE50B1DEEA56200179CB9 /* Debug */ = {
			isa = XCBuildConfiguration;
			buildSettings = {
				ALWAYS_SEARCH_USER_PATHS = NO;
				CLANG_ANALYZER_NONNULL = YES;
				CLANG_CXX_LANGUAGE_STANDARD = "gnu++0x";
				CLANG_CXX_LIBRARY = "libc++";
				CLANG_ENABLE_MODULES = YES;
				CLANG_ENABLE_OBJC_ARC = YES;
				CLANG_WARN_BOOL_CONVERSION = YES;
				CLANG_WARN_CONSTANT_CONVERSION = YES;
				CLANG_WARN_DIRECT_OBJC_ISA_USAGE = YES_ERROR;
				CLANG_WARN_EMPTY_BODY = YES;
				CLANG_WARN_ENUM_CONVERSION = YES;
				CLANG_WARN_INT_CONVERSION = YES;
				CLANG_WARN_OBJC_ROOT_CLASS = YES_ERROR;
				CLANG_WARN_UNREACHABLE_CODE = YES;
				CLANG_WARN__DUPLICATE_METHOD_MATCH = YES;
				"CODE_SIGN_IDENTITY[sdk=iphoneos*]" = "iPhone Developer";
				COPY_PHASE_STRIP = NO;
				DEBUG_INFORMATION_FORMAT = dwarf;
				ENABLE_STRICT_OBJC_MSGSEND = YES;
				ENABLE_TESTABILITY = YES;
				GCC_C_LANGUAGE_STANDARD = gnu99;
				GCC_DYNAMIC_NO_PIC = NO;
				GCC_NO_COMMON_BLOCKS = YES;
				GCC_OPTIMIZATION_LEVEL = 0;
				GCC_PREPROCESSOR_DEFINITIONS = (
					"DEBUG=1",
					"$(inherited)",
				);
				GCC_WARN_64_TO_32_BIT_CONVERSION = YES;
				GCC_WARN_ABOUT_RETURN_TYPE = YES_ERROR;
				GCC_WARN_UNDECLARED_SELECTOR = YES;
				GCC_WARN_UNINITIALIZED_AUTOS = YES_AGGRESSIVE;
				GCC_WARN_UNUSED_FUNCTION = YES;
				GCC_WARN_UNUSED_VARIABLE = YES;
				IPHONEOS_DEPLOYMENT_TARGET = 9.3;
				MTL_ENABLE_DEBUG_INFO = YES;
				ONLY_ACTIVE_ARCH = YES;
				SDKROOT = iphoneos;
			};
			name = Debug;
		};
		A9DEE50C1DEEA56200179CB9 /* Release */ = {
			isa = XCBuildConfiguration;
			buildSettings = {
				ALWAYS_SEARCH_USER_PATHS = NO;
				CLANG_ANALYZER_NONNULL = YES;
				CLANG_CXX_LANGUAGE_STANDARD = "gnu++0x";
				CLANG_CXX_LIBRARY = "libc++";
				CLANG_ENABLE_MODULES = YES;
				CLANG_ENABLE_OBJC_ARC = YES;
				CLANG_WARN_BOOL_CONVERSION = YES;
				CLANG_WARN_CONSTANT_CONVERSION = YES;
				CLANG_WARN_DIRECT_OBJC_ISA_USAGE = YES_ERROR;
				CLANG_WARN_EMPTY_BODY = YES;
				CLANG_WARN_ENUM_CONVERSION = YES;
				CLANG_WARN_INT_CONVERSION = YES;
				CLANG_WARN_OBJC_ROOT_CLASS = YES_ERROR;
				CLANG_WARN_UNREACHABLE_CODE = YES;
				CLANG_WARN__DUPLICATE_METHOD_MATCH = YES;
				"CODE_SIGN_IDENTITY[sdk=iphoneos*]" = "iPhone Developer";
				COPY_PHASE_STRIP = NO;
				DEBUG_INFORMATION_FORMAT = "dwarf-with-dsym";
				ENABLE_NS_ASSERTIONS = NO;
				ENABLE_STRICT_OBJC_MSGSEND = YES;
				GCC_C_LANGUAGE_STANDARD = gnu99;
				GCC_NO_COMMON_BLOCKS = YES;
				GCC_WARN_64_TO_32_BIT_CONVERSION = YES;
				GCC_WARN_ABOUT_RETURN_TYPE = YES_ERROR;
				GCC_WARN_UNDECLARED_SELECTOR = YES;
				GCC_WARN_UNINITIALIZED_AUTOS = YES_AGGRESSIVE;
				GCC_WARN_UNUSED_FUNCTION = YES;
				GCC_WARN_UNUSED_VARIABLE = YES;
				IPHONEOS_DEPLOYMENT_TARGET = 9.3;
				MTL_ENABLE_DEBUG_INFO = NO;
				SDKROOT = iphoneos;
				VALIDATE_PRODUCT = YES;
			};
			name = Release;
		};
		A9DEE50E1DEEA56200179CB9 /* Debug */ = {
			isa = XCBuildConfiguration;
			buildSettings = {
				ASSETCATALOG_COMPILER_APPICON_NAME = AppIcon;
				CODE_SIGN_IDENTITY = "iPhone Developer";
				"CODE_SIGN_IDENTITY[sdk=iphoneos*]" = "iPhone Developer";
				INFOPLIST_FILE = tableviewbeacon/Info.plist;
				IPHONEOS_DEPLOYMENT_TARGET = 7.0;
				LD_RUNPATH_SEARCH_PATHS = "$(inherited) @executable_path/Frameworks";
				PRODUCT_BUNDLE_IDENTIFIER = me.skytang.tableviewbeacon.tangwei;
				PRODUCT_NAME = "$(TARGET_NAME)";
				PROVISIONING_PROFILE = "";
			};
			name = Debug;
		};
		A9DEE50F1DEEA56200179CB9 /* Release */ = {
			isa = XCBuildConfiguration;
			buildSettings = {
				ASSETCATALOG_COMPILER_APPICON_NAME = AppIcon;
				CODE_SIGN_IDENTITY = "iPhone Developer";
				"CODE_SIGN_IDENTITY[sdk=iphoneos*]" = "iPhone Developer";
				INFOPLIST_FILE = tableviewbeacon/Info.plist;
				IPHONEOS_DEPLOYMENT_TARGET = 7.0;
				LD_RUNPATH_SEARCH_PATHS = "$(inherited) @executable_path/Frameworks";
				PRODUCT_BUNDLE_IDENTIFIER = me.skytang.tableviewbeacon.tangwei;
				PRODUCT_NAME = "$(TARGET_NAME)";
				PROVISIONING_PROFILE = "";
			};
			name = Release;
		};
/* End XCBuildConfiguration section */

/* Begin XCConfigurationList section */
		A9DEE4F11DEEA56200179CB9 /* Build configuration list for PBXProject "tableviewbeacon" */ = {
			isa = XCConfigurationList;
			buildConfigurations = (
				A9DEE50B1DEEA56200179CB9 /* Debug */,
				A9DEE50C1DEEA56200179CB9 /* Release */,
			);
			defaultConfigurationIsVisible = 0;
			defaultConfigurationName = Release;
		};
		A9DEE50D1DEEA56200179CB9 /* Build configuration list for PBXNativeTarget "tableviewbeacon" */ = {
			isa = XCConfigurationList;
			buildConfigurations = (
				A9DEE50E1DEEA56200179CB9 /* Debug */,
				A9DEE50F1DEEA56200179CB9 /* Release */,
			);
			defaultConfigurationIsVisible = 0;
			defaultConfigurationName = Release;
		};
/* End XCConfigurationList section */
	};
	rootObject = A9DEE4EE1DEEA56200179CB9 /* Project object */;
}
